
Microsoft Visual Studio Solution File, Format Version 12.00
# Visual Studio Version 17
VisualStudioVersion = 17.9.34607.119
MinimumVisualStudioVersion = 10.0.40219.1
Project("{FAE04EC0-301F-11D3-BF4B-00C04F79EFBC}") = "Ejercicio20_MenuCase", "Ejercicio20_MenuCase.csproj", "{B9FF9DDA-423A-4AC5-B8AD-0FA52AF90309}"
EndProject
Global
	GlobalSection(SolutionConfigurationPlatforms) = preSolution
		Debug|Any CPU = Debug|Any CPU
		Release|Any CPU = Release|Any CPU
	EndGlobalSection
	GlobalSection(ProjectConfigurationPlatforms) = postSolution
		{B9FF9DDA-423A-4AC5-B8AD-0FA52AF90309}.Debug|Any CPU.ActiveCfg = Debug|Any CPU
		{B9FF9DDA-423A-4AC5-B8AD-0FA52AF90309}.Debug|Any CPU.Build.0 = Debug|Any CPU
		{B9FF9DDA-423A-4AC5-B8AD-0FA52AF90309}.Release|Any CPU.ActiveCfg = Release|Any CPU
		{B9FF9DDA-423A-4AC5-B8AD-0FA52AF90309}.Release|Any CPU.Build.0 = Release|Any CPU
	EndGlobalSection
	GlobalSection(SolutionProperties) = preSolution
		HideSolutionNode = FALSE
	EndGlobalSection
	GlobalSection(ExtensibilityGlobals) = postSolution
		SolutionGuid = {C3CF1110-4D52-4CFA-B163-0A10599B7516}
	EndGlobalSection
EndGlobal
