
Microsoft Visual Studio Solution File, Format Version 12.00
# Visual Studio Version 17
VisualStudioVersion = 17.9.34607.119
MinimumVisualStudioVersion = 10.0.40219.1
Project("{FAE04EC0-301F-11D3-BF4B-00C04F79EFBC}") = "Ejercicio13_CicloWhile", "Ejercicio13_CicloWhile.csproj", "{25FFCB48-345D-4DF8-931B-3524D065C9F1}"
EndProject
Global
	GlobalSection(SolutionConfigurationPlatforms) = preSolution
		Debug|Any CPU = Debug|Any CPU
		Release|Any CPU = Release|Any CPU
	EndGlobalSection
	GlobalSection(ProjectConfigurationPlatforms) = postSolution
		{25FFCB48-345D-4DF8-931B-3524D065C9F1}.Debug|Any CPU.ActiveCfg = Debug|Any CPU
		{25FFCB48-345D-4DF8-931B-3524D065C9F1}.Debug|Any CPU.Build.0 = Debug|Any CPU
		{25FFCB48-345D-4DF8-931B-3524D065C9F1}.Release|Any CPU.ActiveCfg = Release|Any CPU
		{25FFCB48-345D-4DF8-931B-3524D065C9F1}.Release|Any CPU.Build.0 = Release|Any CPU
	EndGlobalSection
	GlobalSection(SolutionProperties) = preSolution
		HideSolutionNode = FALSE
	EndGlobalSection
	GlobalSection(ExtensibilityGlobals) = postSolution
		SolutionGuid = {67FD1194-E5B9-4387-893B-3920E947C0E3}
	EndGlobalSection
EndGlobal
